
Microsoft Visual Studio Solution File, Format Version 12.00
# Visual Studio Version 16
VisualStudioVersion = 16.0.34301.259
MinimumVisualStudioVersion = 10.0.40219.1
Project("{9A19103F-16F7-4668-BE54-9A1E7A4F7556}") = "Mathematics", "Mathematics\Mathematics.csproj", "{692E3E3E-264E-4099-A7D8-5A15741D9BFA}"
EndProject
Project("{9A19103F-16F7-4668-BE54-9A1E7A4F7556}") = "ExtendedSystemObjects", "ExtendedSystemObjects\ExtendedSystemObjects.csproj", "{1ECE1734-3802-4A89-B57E-649C9B42AB5A}"
EndProject
Project("{9A19103F-16F7-4668-BE54-9A1E7A4F7556}") = "Imaging", "Imaging\Imaging.csproj", "{0F1C6C26-C9C0-47D5-BF8A-B63EDB4DA4BE}"
EndProject
Project("{2150E333-8FDC-42A3-9474-1A3956D46DE8}") = "Solution Items", "Solution Items", "{37CB3BEC-8C05-4FB2-BB82-C0E332197FED}"
	ProjectSection(SolutionItems) = preProject
		..\CoreLibrary\License.txt = ..\CoreLibrary\License.txt
		..\CoreLibrary\README.md = ..\CoreLibrary\README.md
	EndProjectSection
EndProject
Project("{9A19103F-16F7-4668-BE54-9A1E7A4F7556}") = "DataFormatter", "DataFormatter\DataFormatter.csproj", "{FC6898E3-BBAC-47DA-BC0C-D514618540F8}"
EndProject
Project("{9A19103F-16F7-4668-BE54-9A1E7A4F7556}") = "Voxels", "Voxels\Voxels.csproj", "{1DC8D35B-6505-4CF2-8374-879EE61817F2}"
EndProject
Project("{9A19103F-16F7-4668-BE54-9A1E7A4F7556}") = "Main", "Main\Main.csproj", "{F71169D7-C8A7-4729-9EB8-D4AEA9D94C75}"
EndProject
Project("{9A19103F-16F7-4668-BE54-9A1E7A4F7556}") = "FileHandler", "FileHandler\FileHandler.csproj", "{347026CE-CFF4-42DA-88E7-00FC65932EBD}"
EndProject
Project("{9A19103F-16F7-4668-BE54-9A1E7A4F7556}") = "RenderEngine", "RenderEngine\RenderEngine.csproj", "{D2D85D6F-0B51-49DC-96FD-FA49DD2A93A9}"
EndProject
Global
	GlobalSection(SolutionConfigurationPlatforms) = preSolution
		Debug|Any CPU = Debug|Any CPU
		Release|Any CPU = Release|Any CPU
	EndGlobalSection
	GlobalSection(ProjectConfigurationPlatforms) = postSolution
		{692E3E3E-264E-4099-A7D8-5A15741D9BFA}.Debug|Any CPU.ActiveCfg = Debug|Any CPU
		{692E3E3E-264E-4099-A7D8-5A15741D9BFA}.Debug|Any CPU.Build.0 = Debug|Any CPU
		{692E3E3E-264E-4099-A7D8-5A15741D9BFA}.Release|Any CPU.ActiveCfg = Release|Any CPU
		{692E3E3E-264E-4099-A7D8-5A15741D9BFA}.Release|Any CPU.Build.0 = Release|Any CPU
		{1ECE1734-3802-4A89-B57E-649C9B42AB5A}.Debug|Any CPU.ActiveCfg = Debug|Any CPU
		{1ECE1734-3802-4A89-B57E-649C9B42AB5A}.Debug|Any CPU.Build.0 = Debug|Any CPU
		{1ECE1734-3802-4A89-B57E-649C9B42AB5A}.Release|Any CPU.ActiveCfg = Release|Any CPU
		{1ECE1734-3802-4A89-B57E-649C9B42AB5A}.Release|Any CPU.Build.0 = Release|Any CPU
		{0F1C6C26-C9C0-47D5-BF8A-B63EDB4DA4BE}.Debug|Any CPU.ActiveCfg = Debug|Any CPU
		{0F1C6C26-C9C0-47D5-BF8A-B63EDB4DA4BE}.Debug|Any CPU.Build.0 = Debug|Any CPU
		{0F1C6C26-C9C0-47D5-BF8A-B63EDB4DA4BE}.Release|Any CPU.ActiveCfg = Release|Any CPU
		{0F1C6C26-C9C0-47D5-BF8A-B63EDB4DA4BE}.Release|Any CPU.Build.0 = Release|Any CPU
		{FC6898E3-BBAC-47DA-BC0C-D514618540F8}.Debug|Any CPU.ActiveCfg = Debug|Any CPU
		{FC6898E3-BBAC-47DA-BC0C-D514618540F8}.Debug|Any CPU.Build.0 = Debug|Any CPU
		{FC6898E3-BBAC-47DA-BC0C-D514618540F8}.Release|Any CPU.ActiveCfg = Release|Any CPU
		{FC6898E3-BBAC-47DA-BC0C-D514618540F8}.Release|Any CPU.Build.0 = Release|Any CPU
		{1DC8D35B-6505-4CF2-8374-879EE61817F2}.Debug|Any CPU.ActiveCfg = Debug|Any CPU
		{1DC8D35B-6505-4CF2-8374-879EE61817F2}.Debug|Any CPU.Build.0 = Debug|Any CPU
		{1DC8D35B-6505-4CF2-8374-879EE61817F2}.Release|Any CPU.ActiveCfg = Release|Any CPU
		{1DC8D35B-6505-4CF2-8374-879EE61817F2}.Release|Any CPU.Build.0 = Release|Any CPU
		{F71169D7-C8A7-4729-9EB8-D4AEA9D94C75}.Debug|Any CPU.ActiveCfg = Debug|Any CPU
		{F71169D7-C8A7-4729-9EB8-D4AEA9D94C75}.Debug|Any CPU.Build.0 = Debug|Any CPU
		{F71169D7-C8A7-4729-9EB8-D4AEA9D94C75}.Release|Any CPU.ActiveCfg = Release|Any CPU
		{F71169D7-C8A7-4729-9EB8-D4AEA9D94C75}.Release|Any CPU.Build.0 = Release|Any CPU
		{347026CE-CFF4-42DA-88E7-00FC65932EBD}.Debug|Any CPU.ActiveCfg = Debug|Any CPU
		{347026CE-CFF4-42DA-88E7-00FC65932EBD}.Debug|Any CPU.Build.0 = Debug|Any CPU
		{347026CE-CFF4-42DA-88E7-00FC65932EBD}.Release|Any CPU.ActiveCfg = Release|Any CPU
		{347026CE-CFF4-42DA-88E7-00FC65932EBD}.Release|Any CPU.Build.0 = Release|Any CPU
		{D2D85D6F-0B51-49DC-96FD-FA49DD2A93A9}.Debug|Any CPU.ActiveCfg = Debug|Any CPU
		{D2D85D6F-0B51-49DC-96FD-FA49DD2A93A9}.Debug|Any CPU.Build.0 = Debug|Any CPU
		{D2D85D6F-0B51-49DC-96FD-FA49DD2A93A9}.Release|Any CPU.ActiveCfg = Release|Any CPU
		{D2D85D6F-0B51-49DC-96FD-FA49DD2A93A9}.Release|Any CPU.Build.0 = Release|Any CPU
	EndGlobalSection
	GlobalSection(SolutionProperties) = preSolution
		HideSolutionNode = FALSE
	EndGlobalSection
	GlobalSection(ExtensibilityGlobals) = postSolution
		SolutionGuid = {5B2990C1-C34C-4288-BB01-FB82FA800F93}
	EndGlobalSection
EndGlobal
